
Microsoft Visual Studio Solution File, Format Version 12.00
# Visual Studio Version 17
VisualStudioVersion = 17.3.32901.215
MinimumVisualStudioVersion = 10.0.40219.1
Project("{FAE04EC0-301F-11D3-BF4B-00C04F79EFBC}") = "Api", "src\Api\Api.csproj", "{AB127B5B-82D7-4C4A-9EB9-D952B537F268}"
EndProject
Global
	GlobalSection(SolutionConfigurationPlatforms) = preSolution
		Debug|Any CPU = Debug|Any CPU
		Release|Any CPU = Release|Any CPU
	EndGlobalSection
	GlobalSection(ProjectConfigurationPlatforms) = postSolution
		{AB127B5B-82D7-4C4A-9EB9-D952B537F268}.Debug|Any CPU.ActiveCfg = Debug|Any CPU
		{AB127B5B-82D7-4C4A-9EB9-D952B537F268}.Debug|Any CPU.Build.0 = Debug|Any CPU
		{AB127B5B-82D7-4C4A-9EB9-D952B537F268}.Release|Any CPU.ActiveCfg = Release|Any CPU
		{AB127B5B-82D7-4C4A-9EB9-D952B537F268}.Release|Any CPU.Build.0 = Release|Any CPU
	EndGlobalSection
	GlobalSection(SolutionProperties) = preSolution
		HideSolutionNode = FALSE
	EndGlobalSection
	GlobalSection(ExtensibilityGlobals) = postSolution
		SolutionGuid = {9184EC28-014C-4232-87E5-9C7808EB50AF}
	EndGlobalSection
EndGlobal
